
Microsoft Visual Studio Solution File, Format Version 12.00
# Visual Studio Version 17
VisualStudioVersion = 17.0.32126.317
MinimumVisualStudioVersion = 10.0.40219.1
Project("{FAE04EC0-301F-11D3-BF4B-00C04F79EFBC}") = "ProductReviewManagementWithLINQ", "ProductReviewManagementWithLINQ.csproj", "{F4790A06-C24B-4A5F-8F35-3546D92FF1C0}"
EndProject
Global
	GlobalSection(SolutionConfigurationPlatforms) = preSolution
		Debug|Any CPU = Debug|Any CPU
		Release|Any CPU = Release|Any CPU
	EndGlobalSection
	GlobalSection(ProjectConfigurationPlatforms) = postSolution
		{F4790A06-C24B-4A5F-8F35-3546D92FF1C0}.Debug|Any CPU.ActiveCfg = Debug|Any CPU
		{F4790A06-C24B-4A5F-8F35-3546D92FF1C0}.Debug|Any CPU.Build.0 = Debug|Any CPU
		{F4790A06-C24B-4A5F-8F35-3546D92FF1C0}.Release|Any CPU.ActiveCfg = Release|Any CPU
		{F4790A06-C24B-4A5F-8F35-3546D92FF1C0}.Release|Any CPU.Build.0 = Release|Any CPU
	EndGlobalSection
	GlobalSection(SolutionProperties) = preSolution
		HideSolutionNode = FALSE
	EndGlobalSection
	GlobalSection(ExtensibilityGlobals) = postSolution
		SolutionGuid = {1C47C91A-B99F-40C4-B43C-5B6D7465D6B3}
	EndGlobalSection
EndGlobal
